
Microsoft Visual Studio Solution File, Format Version 12.00
# Visual Studio Version 17
VisualStudioVersion = 17.14.36327.8
MinimumVisualStudioVersion = 10.0.40219.1
Project("{2150E333-8FDC-42A3-9474-1A3956D46DE8}") = "SharpMikLibs", "SharpMikLibs", "{B46595F2-3621-4BD4-A250-60099B39CE4B}"
EndProject
Project("{2150E333-8FDC-42A3-9474-1A3956D46DE8}") = "Tools", "Tools", "{93A87F23-A185-48D0-9DA1-EBBEB77B2775}"
EndProject
Project("{2150E333-8FDC-42A3-9474-1A3956D46DE8}") = "TestApplications", "TestApplications", "{89F35D11-6DC3-439C-AE9C-6DAECAE15CAB}"
EndProject
Project("{2150E333-8FDC-42A3-9474-1A3956D46DE8}") = "Windows", "Windows", "{0DC1E338-CC1B-4316-9831-02E0AD7DC1D5}"
EndProject
Project("{FAE04EC0-301F-11D3-BF4B-00C04F79EFBC}") = "SharpMik", "SharpMik\SharpMik.csproj", "{DE1F0D72-F331-461F-A784-392348643BAA}"
EndProject
Project("{FAE04EC0-301F-11D3-BF4B-00C04F79EFBC}") = "MikModUnitTest", "MikModUnitTest\MikModUnitTest.csproj", "{0358F758-12AA-4CC6-B2D9-EA41EC149204}"
EndProject
Project("{FAE04EC0-301F-11D3-BF4B-00C04F79EFBC}") = "WindowsTest", "WindowsTest\WindowsTest.csproj", "{C7921497-706B-4EDD-88A0-BE936017B360}"
EndProject
Project("{FAE04EC0-301F-11D3-BF4B-00C04F79EFBC}") = "CommandTest", "CommandTest\CommandTest.csproj", "{AEF78023-6B81-4274-824E-973BE9F3F101}"
EndProject
Global
	GlobalSection(SolutionConfigurationPlatforms) = preSolution
		Debug|Any CPU = Debug|Any CPU
		Release|Any CPU = Release|Any CPU
	EndGlobalSection
	GlobalSection(ProjectConfigurationPlatforms) = postSolution
		{DE1F0D72-F331-461F-A784-392348643BAA}.Debug|Any CPU.ActiveCfg = Debug|Any CPU
		{DE1F0D72-F331-461F-A784-392348643BAA}.Debug|Any CPU.Build.0 = Debug|Any CPU
		{DE1F0D72-F331-461F-A784-392348643BAA}.Release|Any CPU.ActiveCfg = Release|Any CPU
		{DE1F0D72-F331-461F-A784-392348643BAA}.Release|Any CPU.Build.0 = Release|Any CPU
		{0358F758-12AA-4CC6-B2D9-EA41EC149204}.Debug|Any CPU.ActiveCfg = Debug|Any CPU
		{0358F758-12AA-4CC6-B2D9-EA41EC149204}.Debug|Any CPU.Build.0 = Debug|Any CPU
		{0358F758-12AA-4CC6-B2D9-EA41EC149204}.Release|Any CPU.ActiveCfg = Release|Any CPU
		{0358F758-12AA-4CC6-B2D9-EA41EC149204}.Release|Any CPU.Build.0 = Release|Any CPU
		{C7921497-706B-4EDD-88A0-BE936017B360}.Debug|Any CPU.ActiveCfg = Debug|Any CPU
		{C7921497-706B-4EDD-88A0-BE936017B360}.Debug|Any CPU.Build.0 = Debug|Any CPU
		{C7921497-706B-4EDD-88A0-BE936017B360}.Release|Any CPU.ActiveCfg = Release|Any CPU
		{C7921497-706B-4EDD-88A0-BE936017B360}.Release|Any CPU.Build.0 = Release|Any CPU
		{AEF78023-6B81-4274-824E-973BE9F3F101}.Debug|Any CPU.ActiveCfg = Debug|Any CPU
		{AEF78023-6B81-4274-824E-973BE9F3F101}.Debug|Any CPU.Build.0 = Debug|Any CPU
		{AEF78023-6B81-4274-824E-973BE9F3F101}.Release|Any CPU.ActiveCfg = Release|Any CPU
		{AEF78023-6B81-4274-824E-973BE9F3F101}.Release|Any CPU.Build.0 = Release|Any CPU
	EndGlobalSection
	GlobalSection(SolutionProperties) = preSolution
		HideSolutionNode = FALSE
	EndGlobalSection
	GlobalSection(NestedProjects) = preSolution
		{0DC1E338-CC1B-4316-9831-02E0AD7DC1D5} = {89F35D11-6DC3-439C-AE9C-6DAECAE15CAB}
		{DE1F0D72-F331-461F-A784-392348643BAA} = {B46595F2-3621-4BD4-A250-60099B39CE4B}
		{0358F758-12AA-4CC6-B2D9-EA41EC149204} = {93A87F23-A185-48D0-9DA1-EBBEB77B2775}
		{C7921497-706B-4EDD-88A0-BE936017B360} = {0DC1E338-CC1B-4316-9831-02E0AD7DC1D5}
		{AEF78023-6B81-4274-824E-973BE9F3F101} = {93A87F23-A185-48D0-9DA1-EBBEB77B2775}
	EndGlobalSection
	GlobalSection(ExtensibilityGlobals) = postSolution
		SolutionGuid = {8A2626C3-BF5B-4838-9BEA-63AC488001D8}
	EndGlobalSection
EndGlobal
